
Microsoft Visual Studio Solution File, Format Version 12.00
# Visual Studio Version 16
VisualStudioVersion = 16.0.30621.155
MinimumVisualStudioVersion = 10.0.40219.1
Project("{FAE04EC0-301F-11D3-BF4B-00C04F79EFBC}") = "WebAPIPostgresReader", "WebAPIPostgresReader.csproj", "{5FC19E62-5F26-42A1-8890-73FBFA29B01E}"
EndProject
Global
	GlobalSection(SolutionConfigurationPlatforms) = preSolution
		Debug|Any CPU = Debug|Any CPU
		Release|Any CPU = Release|Any CPU
	EndGlobalSection
	GlobalSection(ProjectConfigurationPlatforms) = postSolution
		{5FC19E62-5F26-42A1-8890-73FBFA29B01E}.Debug|Any CPU.ActiveCfg = Debug|Any CPU
		{5FC19E62-5F26-42A1-8890-73FBFA29B01E}.Debug|Any CPU.Build.0 = Debug|Any CPU
		{5FC19E62-5F26-42A1-8890-73FBFA29B01E}.Release|Any CPU.ActiveCfg = Release|Any CPU
		{5FC19E62-5F26-42A1-8890-73FBFA29B01E}.Release|Any CPU.Build.0 = Release|Any CPU
	EndGlobalSection
	GlobalSection(SolutionProperties) = preSolution
		HideSolutionNode = FALSE
	EndGlobalSection
	GlobalSection(ExtensibilityGlobals) = postSolution
		SolutionGuid = {8D2AF92D-DC0B-453C-A078-097FAB1D7245}
	EndGlobalSection
EndGlobal
